
Microsoft Visual Studio Solution File, Format Version 12.00
# Visual Studio Version 16
VisualStudioVersion = 16.0.30114.128
MinimumVisualStudioVersion = 15.0.26124.0
Project("{9A19103F-16F7-4668-BE54-9A1E7A4F7556}") = "logic-app-v2-custom-connector", "demo-project\logic-app-v2-custom-connector.csproj", "{0506841D-1193-4403-B52C-3CA2602F9AD7}"
EndProject
Project("{9A19103F-16F7-4668-BE54-9A1E7A4F7556}") = "customconnector", "customconnector\customconnector.csproj", "{3CF5E3DE-5F3A-4618-BB1B-1492A1C0B474}"
EndProject
Global
	GlobalSection(SolutionConfigurationPlatforms) = preSolution
		Debug|Any CPU = Debug|Any CPU
		Debug|x64 = Debug|x64
		Debug|x86 = Debug|x86
		Release|Any CPU = Release|Any CPU
		Release|x64 = Release|x64
		Release|x86 = Release|x86
	EndGlobalSection
	GlobalSection(ProjectConfigurationPlatforms) = postSolution
		{0506841D-1193-4403-B52C-3CA2602F9AD7}.Debug|Any CPU.ActiveCfg = Debug|Any CPU
		{0506841D-1193-4403-B52C-3CA2602F9AD7}.Debug|Any CPU.Build.0 = Debug|Any CPU
		{0506841D-1193-4403-B52C-3CA2602F9AD7}.Debug|x64.ActiveCfg = Debug|Any CPU
		{0506841D-1193-4403-B52C-3CA2602F9AD7}.Debug|x64.Build.0 = Debug|Any CPU
		{0506841D-1193-4403-B52C-3CA2602F9AD7}.Debug|x86.ActiveCfg = Debug|Any CPU
		{0506841D-1193-4403-B52C-3CA2602F9AD7}.Debug|x86.Build.0 = Debug|Any CPU
		{0506841D-1193-4403-B52C-3CA2602F9AD7}.Release|Any CPU.ActiveCfg = Release|Any CPU
		{0506841D-1193-4403-B52C-3CA2602F9AD7}.Release|Any CPU.Build.0 = Release|Any CPU
		{0506841D-1193-4403-B52C-3CA2602F9AD7}.Release|x64.ActiveCfg = Release|Any CPU
		{0506841D-1193-4403-B52C-3CA2602F9AD7}.Release|x64.Build.0 = Release|Any CPU
		{0506841D-1193-4403-B52C-3CA2602F9AD7}.Release|x86.ActiveCfg = Release|Any CPU
		{0506841D-1193-4403-B52C-3CA2602F9AD7}.Release|x86.Build.0 = Release|Any CPU
		{3CF5E3DE-5F3A-4618-BB1B-1492A1C0B474}.Debug|Any CPU.ActiveCfg = Debug|Any CPU
		{3CF5E3DE-5F3A-4618-BB1B-1492A1C0B474}.Debug|Any CPU.Build.0 = Debug|Any CPU
		{3CF5E3DE-5F3A-4618-BB1B-1492A1C0B474}.Debug|x64.ActiveCfg = Debug|Any CPU
		{3CF5E3DE-5F3A-4618-BB1B-1492A1C0B474}.Debug|x64.Build.0 = Debug|Any CPU
		{3CF5E3DE-5F3A-4618-BB1B-1492A1C0B474}.Debug|x86.ActiveCfg = Debug|Any CPU
		{3CF5E3DE-5F3A-4618-BB1B-1492A1C0B474}.Debug|x86.Build.0 = Debug|Any CPU
		{3CF5E3DE-5F3A-4618-BB1B-1492A1C0B474}.Release|Any CPU.ActiveCfg = Release|Any CPU
		{3CF5E3DE-5F3A-4618-BB1B-1492A1C0B474}.Release|Any CPU.Build.0 = Release|Any CPU
		{3CF5E3DE-5F3A-4618-BB1B-1492A1C0B474}.Release|x64.ActiveCfg = Release|Any CPU
		{3CF5E3DE-5F3A-4618-BB1B-1492A1C0B474}.Release|x64.Build.0 = Release|Any CPU
		{3CF5E3DE-5F3A-4618-BB1B-1492A1C0B474}.Release|x86.ActiveCfg = Release|Any CPU
		{3CF5E3DE-5F3A-4618-BB1B-1492A1C0B474}.Release|x86.Build.0 = Release|Any CPU
	EndGlobalSection
	GlobalSection(SolutionProperties) = preSolution
		HideSolutionNode = FALSE
	EndGlobalSection
	GlobalSection(ExtensibilityGlobals) = postSolution
		SolutionGuid = {BD426CF4-805F-496E-9363-5E36EBFED039}
	EndGlobalSection
EndGlobal
